
Microsoft Visual Studio Solution File, Format Version 12.00
# Visual Studio Version 17
VisualStudioVersion = 17.4.33205.214
MinimumVisualStudioVersion = 10.0.40219.1
Project("{FAE04EC0-301F-11D3-BF4B-00C04F79EFBC}") = "Assignment_2", "Assignment_2\Assignment_2.csproj", "{F2132681-F789-4809-A425-BA27A1BC545B}"
EndProject
Global
	GlobalSection(SolutionConfigurationPlatforms) = preSolution
		Debug|Any CPU = Debug|Any CPU
		Release|Any CPU = Release|Any CPU
	EndGlobalSection
	GlobalSection(ProjectConfigurationPlatforms) = postSolution
		{F2132681-F789-4809-A425-BA27A1BC545B}.Debug|Any CPU.ActiveCfg = Debug|Any CPU
		{F2132681-F789-4809-A425-BA27A1BC545B}.Debug|Any CPU.Build.0 = Debug|Any CPU
		{F2132681-F789-4809-A425-BA27A1BC545B}.Release|Any CPU.ActiveCfg = Release|Any CPU
		{F2132681-F789-4809-A425-BA27A1BC545B}.Release|Any CPU.Build.0 = Release|Any CPU
	EndGlobalSection
	GlobalSection(SolutionProperties) = preSolution
		HideSolutionNode = FALSE
	EndGlobalSection
	GlobalSection(ExtensibilityGlobals) = postSolution
		SolutionGuid = {702C0C33-FA6A-466C-8EB0-6183075A6D42}
	EndGlobalSection
EndGlobal
